
Microsoft Visual Studio Solution File, Format Version 12.00
# Visual Studio Version 16
VisualStudioVersion = 16.0.30011.22
MinimumVisualStudioVersion = 10.0.40219.1
Project("{FAE04EC0-301F-11D3-BF4B-00C04F79EFBC}") = "Timer_TB", "Timer_TB\Timer_TB.csproj", "{5AC8166A-B2CC-4FB6-928D-B6BE60D367DE}"
EndProject
Global
	GlobalSection(SolutionConfigurationPlatforms) = preSolution
		Debug|Any CPU = Debug|Any CPU
		Release|Any CPU = Release|Any CPU
	EndGlobalSection
	GlobalSection(ProjectConfigurationPlatforms) = postSolution
		{5AC8166A-B2CC-4FB6-928D-B6BE60D367DE}.Debug|Any CPU.ActiveCfg = Debug|Any CPU
		{5AC8166A-B2CC-4FB6-928D-B6BE60D367DE}.Debug|Any CPU.Build.0 = Debug|Any CPU
		{5AC8166A-B2CC-4FB6-928D-B6BE60D367DE}.Release|Any CPU.ActiveCfg = Release|Any CPU
		{5AC8166A-B2CC-4FB6-928D-B6BE60D367DE}.Release|Any CPU.Build.0 = Release|Any CPU
	EndGlobalSection
	GlobalSection(SolutionProperties) = preSolution
		HideSolutionNode = FALSE
	EndGlobalSection
	GlobalSection(ExtensibilityGlobals) = postSolution
		SolutionGuid = {D44BE382-4CBA-47CC-A8C2-E021A5DFF696}
	EndGlobalSection
EndGlobal
